
Microsoft Visual Studio Solution File, Format Version 12.00
# Visual Studio Version 17
VisualStudioVersion = 17.0.31919.166
MinimumVisualStudioVersion = 10.0.40219.1
Project("{FAE04EC0-301F-11D3-BF4B-00C04F79EFBC}") = "FinalTask_1", "FinalTask_1.csproj", "{7E2007F5-D2A0-4C16-AE8F-B9014CED7FA8}"
EndProject
Global
	GlobalSection(SolutionConfigurationPlatforms) = preSolution
		Debug|Any CPU = Debug|Any CPU
		Release|Any CPU = Release|Any CPU
	EndGlobalSection
	GlobalSection(ProjectConfigurationPlatforms) = postSolution
		{7E2007F5-D2A0-4C16-AE8F-B9014CED7FA8}.Debug|Any CPU.ActiveCfg = Debug|Any CPU
		{7E2007F5-D2A0-4C16-AE8F-B9014CED7FA8}.Debug|Any CPU.Build.0 = Debug|Any CPU
		{7E2007F5-D2A0-4C16-AE8F-B9014CED7FA8}.Release|Any CPU.ActiveCfg = Release|Any CPU
		{7E2007F5-D2A0-4C16-AE8F-B9014CED7FA8}.Release|Any CPU.Build.0 = Release|Any CPU
	EndGlobalSection
	GlobalSection(SolutionProperties) = preSolution
		HideSolutionNode = FALSE
	EndGlobalSection
	GlobalSection(ExtensibilityGlobals) = postSolution
		SolutionGuid = {D2FB262C-CA06-48BF-829C-9829531AE0E2}
	EndGlobalSection
EndGlobal
