
Microsoft Visual Studio Solution File, Format Version 12.00
# Visual Studio Version 17
VisualStudioVersion = 17.0.31919.166
MinimumVisualStudioVersion = 10.0.40219.1
Project("{FAE04EC0-301F-11D3-BF4B-00C04F79EFBC}") = "Association_UMS", "Association_UMS.csproj", "{8C2A77C4-EF6F-42BB-9C52-F18F673B2E31}"
EndProject
Global
	GlobalSection(SolutionConfigurationPlatforms) = preSolution
		Debug|Any CPU = Debug|Any CPU
		Release|Any CPU = Release|Any CPU
	EndGlobalSection
	GlobalSection(ProjectConfigurationPlatforms) = postSolution
		{8C2A77C4-EF6F-42BB-9C52-F18F673B2E31}.Debug|Any CPU.ActiveCfg = Debug|Any CPU
		{8C2A77C4-EF6F-42BB-9C52-F18F673B2E31}.Debug|Any CPU.Build.0 = Debug|Any CPU
		{8C2A77C4-EF6F-42BB-9C52-F18F673B2E31}.Release|Any CPU.ActiveCfg = Release|Any CPU
		{8C2A77C4-EF6F-42BB-9C52-F18F673B2E31}.Release|Any CPU.Build.0 = Release|Any CPU
	EndGlobalSection
	GlobalSection(SolutionProperties) = preSolution
		HideSolutionNode = FALSE
	EndGlobalSection
	GlobalSection(ExtensibilityGlobals) = postSolution
		SolutionGuid = {AC56735A-1AE9-440C-9F13-0A7C3C5656DF}
	EndGlobalSection
EndGlobal
