
Microsoft Visual Studio Solution File, Format Version 12.00
# Visual Studio Version 17
VisualStudioVersion = 17.0.31919.166
MinimumVisualStudioVersion = 10.0.40219.1
Project("{FAE04EC0-301F-11D3-BF4B-00C04F79EFBC}") = "Presentation_C", "Presentation_C.csproj", "{F3AA8334-59EA-4F0F-997A-456AC30DC411}"
EndProject
Project("{FAE04EC0-301F-11D3-BF4B-00C04F79EFBC}") = "BLL", "..\BLL\BLL.csproj", "{4D072B62-E1E9-41E5-997F-2794987617AD}"
EndProject
Project("{FAE04EC0-301F-11D3-BF4B-00C04F79EFBC}") = "DAL", "..\DAL\DAL.csproj", "{B10CE4F6-1BB2-4062-A3B2-E6899121D147}"
EndProject
Project("{FAE04EC0-301F-11D3-BF4B-00C04F79EFBC}") = "Presentation_Api", "..\Presentation_Api\Presentation_Api.csproj", "{D487E748-14C7-4651-8124-E2A5EF68C693}"
EndProject
Project("{FAE04EC0-301F-11D3-BF4B-00C04F79EFBC}") = "Presentation_mvc", "..\Presentation_mvc\Presentation_mvc.csproj", "{6462BD20-9D1B-465A-A9D3-C7EC7A90CA8D}"
EndProject
Global
	GlobalSection(SolutionConfigurationPlatforms) = preSolution
		Debug|Any CPU = Debug|Any CPU
		Release|Any CPU = Release|Any CPU
	EndGlobalSection
	GlobalSection(ProjectConfigurationPlatforms) = postSolution
		{F3AA8334-59EA-4F0F-997A-456AC30DC411}.Debug|Any CPU.ActiveCfg = Debug|Any CPU
		{F3AA8334-59EA-4F0F-997A-456AC30DC411}.Debug|Any CPU.Build.0 = Debug|Any CPU
		{F3AA8334-59EA-4F0F-997A-456AC30DC411}.Release|Any CPU.ActiveCfg = Release|Any CPU
		{F3AA8334-59EA-4F0F-997A-456AC30DC411}.Release|Any CPU.Build.0 = Release|Any CPU
		{4D072B62-E1E9-41E5-997F-2794987617AD}.Debug|Any CPU.ActiveCfg = Debug|Any CPU
		{4D072B62-E1E9-41E5-997F-2794987617AD}.Debug|Any CPU.Build.0 = Debug|Any CPU
		{4D072B62-E1E9-41E5-997F-2794987617AD}.Release|Any CPU.ActiveCfg = Release|Any CPU
		{4D072B62-E1E9-41E5-997F-2794987617AD}.Release|Any CPU.Build.0 = Release|Any CPU
		{B10CE4F6-1BB2-4062-A3B2-E6899121D147}.Debug|Any CPU.ActiveCfg = Debug|Any CPU
		{B10CE4F6-1BB2-4062-A3B2-E6899121D147}.Debug|Any CPU.Build.0 = Debug|Any CPU
		{B10CE4F6-1BB2-4062-A3B2-E6899121D147}.Release|Any CPU.ActiveCfg = Release|Any CPU
		{B10CE4F6-1BB2-4062-A3B2-E6899121D147}.Release|Any CPU.Build.0 = Release|Any CPU
		{D487E748-14C7-4651-8124-E2A5EF68C693}.Debug|Any CPU.ActiveCfg = Debug|Any CPU
		{D487E748-14C7-4651-8124-E2A5EF68C693}.Debug|Any CPU.Build.0 = Debug|Any CPU
		{D487E748-14C7-4651-8124-E2A5EF68C693}.Release|Any CPU.ActiveCfg = Release|Any CPU
		{D487E748-14C7-4651-8124-E2A5EF68C693}.Release|Any CPU.Build.0 = Release|Any CPU
		{6462BD20-9D1B-465A-A9D3-C7EC7A90CA8D}.Debug|Any CPU.ActiveCfg = Debug|Any CPU
		{6462BD20-9D1B-465A-A9D3-C7EC7A90CA8D}.Debug|Any CPU.Build.0 = Debug|Any CPU
		{6462BD20-9D1B-465A-A9D3-C7EC7A90CA8D}.Release|Any CPU.ActiveCfg = Release|Any CPU
		{6462BD20-9D1B-465A-A9D3-C7EC7A90CA8D}.Release|Any CPU.Build.0 = Release|Any CPU
	EndGlobalSection
	GlobalSection(SolutionProperties) = preSolution
		HideSolutionNode = FALSE
	EndGlobalSection
	GlobalSection(ExtensibilityGlobals) = postSolution
		SolutionGuid = {D19E169A-59A1-4822-B971-79B99A2E9E97}
	EndGlobalSection
EndGlobal
